// !$*UTF8*$!
{
	archiveVersion = 1;
	classes = {
	};
	objectVersion = 77;
	objects = {

/* Begin PBXBuildFile section */
		210E77682EB29CE400460A8A /* FirebaseAuth in Frameworks */ = {isa = PBXBuildFile; productRef = 210E77672EB29CE400460A8A /* FirebaseAuth */; };
		210E776A2EB29CE400460A8A /* FirebaseFirestore in Frameworks */ = {isa = PBXBuildFile; productRef = 210E77692EB29CE400460A8A /* FirebaseFirestore */; };
/* End PBXBuildFile section */

/* Begin PBXContainerItemProxy section */
		D46BE22B2EAFDE93006F834B /* PBXContainerItemProxy */ = {
			isa = PBXContainerItemProxy;
			containerPortal = D46BE2132EAFDE91006F834B /* Project object */;
			proxyType = 1;
			remoteGlobalIDString = D46BE21A2EAFDE91006F834B;
			remoteInfo = TUHub;
		};
		D46BE2352EAFDE93006F834B /* PBXContainerItemProxy */ = {
			isa = PBXContainerItemProxy;
			containerPortal = D46BE2132EAFDE91006F834B /* Project object */;
			proxyType = 1;
			remoteGlobalIDString = D46BE21A2EAFDE91006F834B;
			remoteInfo = TUHub;
		};
/* End PBXContainerItemProxy section */

/* Begin PBXFileReference section */
		D46BE21B2EAFDE91006F834B /* TUHub.app */ = {isa = PBXFileReference; explicitFileType = wrapper.application; includeInIndex = 0; path = TUHub.app; sourceTree = BUILT_PRODUCTS_DIR; };
		D46BE22A2EAFDE93006F834B /* TUHubTests.xctest */ = {isa = PBXFileReference; explicitFileType = wrapper.cfbundle; includeInIndex = 0; path = TUHubTests.xctest; sourceTree = BUILT_PRODUCTS_DIR; };
		D46BE2342EAFDE93006F834B /* TUHubUITests.xctest */ = {isa = PBXFileReference; explicitFileType = wrapper.cfbundle; includeInIndex = 0; path = TUHubUITests.xctest; sourceTree = BUILT_PRODUCTS_DIR; };
/* End PBXFileReference section */

/* Begin PBXFileSystemSynchronizedRootGroup section */
		D46BE21D2EAFDE91006F834B /* TUHub */ = {
			isa = PBXFileSystemSynchronizedRootGroup;
			path = TUHub;
			sourceTree = "<group>";
		};
		D46BE22D2EAFDE93006F834B /* TUHubTests */ = {
			isa = PBXFileSystemSynchronizedRootGroup;
			path = TUHubTests;
			sourceTree = "<group>";
		};
		D46BE2372EAFDE93006F834B /* TUHubUITests */ = {
			isa = PBXFileSystemSynchronizedRootGroup;
			path = TUHubUITests;
			sourceTree = "<group>";
		};
/* End PBXFileSystemSynchronizedRootGroup section */

/* Begin PBXFrameworksBuildPhase section */
		D46BE2182EAFDE91006F834B /* Frameworks */ = {
			isa = PBXFrameworksBuildPhase;
			buildActionMask = 2147483647;
			files = (
				210E77682EB29CE400460A8A /* FirebaseAuth in Frameworks */,
				210E776A2EB29CE400460A8A /* FirebaseFirestore in Frameworks */,
			);
			runOnlyForDeploymentPostprocessing = 0;
		};
		D46BE2272EAFDE92006F834B /* Frameworks */ = {
			isa = PBXFrameworksBuildPhase;
			buildActionMask = 2147483647;
			files = (
			);
			runOnlyForDeploymentPostprocessing = 0;
		};
		D46BE2312EAFDE93006F834B /* Frameworks */ = {
			isa = PBXFrameworksBuildPhase;
			buildActionMask = 2147483647;
			files = (
			);
			runOnlyForDeploymentPostprocessing = 0;
		};
/* End PBXFrameworksBuildPhase section */

/* Begin PBXGroup section */
		D46BE2122EAFDE91006F834B = {
			isa = PBXGroup;
			children = (
				D46BE21D2EAFDE91006F834B /* TUHub */,
				D46BE22D2EAFDE93006F834B /* TUHubTests */,
				D46BE2372EAFDE93006F834B /* TUHubUITests */,
				D46BE21C2EAFDE91006F834B /* Products */,
			);
			sourceTree = "<group>";
		};
		D46BE21C2EAFDE91006F834B /* Products */ = {
			isa = PBXGroup;
			children = (
				D46BE21B2EAFDE91006F834B /* TUHub.app */,
				D46BE22A2EAFDE93006F834B /* TUHubTests.xctest */,
				D46BE2342EAFDE93006F834B /* TUHubUITests.xctest */,
			);
			name = Products;
			sourceTree = "<group>";
		};
/* End PBXGroup section */

/* Begin PBXNativeTarget section */
		D46BE21A2EAFDE91006F834B /* TUHub */ = {
			isa = PBXNativeTarget;
			buildConfigurationList = D46BE23E2EAFDE93006F834B /* Build configuration list for PBXNativeTarget "TUHub" */;
			buildPhases = (
				D46BE2172EAFDE91006F834B /* Sources */,
				D46BE2182EAFDE91006F834B /* Frameworks */,
				D46BE2192EAFDE91006F834B /* Resources */,
			);
			buildRules = (
			);
			dependencies = (
			);
			fileSystemSynchronizedGroups = (
				D46BE21D2EAFDE91006F834B /* TUHub */,
			);
			name = TUHub;
			packageProductDependencies = (
				210E77672EB29CE400460A8A /* FirebaseAuth */,
				210E77692EB29CE400460A8A /* FirebaseFirestore */,
			);
			productName = TUHub;
			productReference = D46BE21B2EAFDE91006F834B /* TUHub.app */;
			productType = "com.apple.product-type.application";
		};
		D46BE2292EAFDE92006F834B /* TUHubTests */ = {
			isa = PBXNativeTarget;
			buildConfigurationList = D46BE2412EAFDE93006F834B /* Build configuration list for PBXNativeTarget "TUHubTests" */;
			buildPhases = (
				D46BE2262EAFDE92006F834B /* Sources */,
				D46BE2272EAFDE92006F834B /* Frameworks */,
				D46BE2282EAFDE92006F834B /* Resources */,
			);
			buildRules = (
			);
			dependencies = (
				D46BE22C2EAFDE93006F834B /* PBXTargetDependency */,
			);
			fileSystemSynchronizedGroups = (
				D46BE22D2EAFDE93006F834B /* TUHubTests */,
			);
			name = TUHubTests;
			packageProductDependencies = (
			);
			productName = TUHubTests;
			productReference = D46BE22A2EAFDE93006F834B /* TUHubTests.xctest */;
			productType = "com.apple.product-type.bundle.unit-test";
		};
		D46BE2332EAFDE93006F834B /* TUHubUITests */ = {
			isa = PBXNativeTarget;
			buildConfigurationList = D46BE2442EAFDE93006F834B /* Build configuration list for PBXNativeTarget "TUHubUITests" */;
			buildPhases = (
				D46BE2302EAFDE93006F834B /* Sources */,
				D46BE2312EAFDE93006F834B /* Frameworks */,
				D46BE2322EAFDE93006F834B /* Resources */,
			);
			buildRules = (
			);
			dependencies = (
				D46BE2362EAFDE93006F834B /* PBXTargetDependency */,
			);
			fileSystemSynchronizedGroups = (
				D46BE2372EAFDE93006F834B /* TUHubUITests */,
			);
			name = TUHubUITests;
			packageProductDependencies = (
			);
			productName = TUHubUITests;
			productReference = D46BE2342EAFDE93006F834B /* TUHubUITests.xctest */;
			productType = "com.apple.product-type.bundle.ui-testing";
		};
/* End PBXNativeTarget section */

/* Begin PBXProject section */
		D46BE2132EAFDE91006F834B /* Project object */ = {
			isa = PBXProject;
			attributes = {
				BuildIndependentTargetsInParallel = 1;
				LastSwiftUpdateCheck = 1640;
				LastUpgradeCheck = 1640;
				TargetAttributes = {
					D46BE21A2EAFDE91006F834B = {
						CreatedOnToolsVersion = 16.4;
					};
					D46BE2292EAFDE92006F834B = {
						CreatedOnToolsVersion = 16.4;
						TestTargetID = D46BE21A2EAFDE91006F834B;
					};
					D46BE2332EAFDE93006F834B = {
						CreatedOnToolsVersion = 16.4;
						TestTargetID = D46BE21A2EAFDE91006F834B;
					};
				};
			};
			buildConfigurationList = D46BE2162EAFDE91006F834B /* Build configuration list for PBXProject "TUHub" */;
			developmentRegion = en;
			hasScannedForEncodings = 0;
			knownRegions = (
				en,
				Base,
			);
			mainGroup = D46BE2122EAFDE91006F834B;
			minimizedProjectReferenceProxies = 1;
			packageReferences = (
				210E77662EB29CE300460A8A /* XCRemoteSwiftPackageReference "firebase-ios-sdk" */,
			);
			preferredProjectObjectVersion = 77;
			productRefGroup = D46BE21C2EAFDE91006F834B /* Products */;
			projectDirPath = "";
			projectRoot = "";
			targets = (
				D46BE21A2EAFDE91006F834B /* TUHub */,
				D46BE2292EAFDE92006F834B /* TUHubTests */,
				D46BE2332EAFDE93006F834B /* TUHubUITests */,
			);
		};
/* End PBXProject section */

/* Begin PBXResourcesBuildPhase section */
		D46BE2192EAFDE91006F834B /* Resources */ = {
			isa = PBXResourcesBuildPhase;
			buildActionMask = 2147483647;
			files = (
			);
			runOnlyForDeploymentPostprocessing = 0;
		};
		D46BE2282EAFDE92006F834B /* Resources */ = {
			isa = PBXResourcesBuildPhase;
			buildActionMask = 2147483647;
			files = (
			);
			runOnlyForDeploymentPostprocessing = 0;
		};
		D46BE2322EAFDE93006F834B /* Resources */ = {
			isa = PBXResourcesBuildPhase;
			buildActionMask = 2147483647;
			files = (
			);
			runOnlyForDeploymentPostprocessing = 0;
		};
/* End PBXResourcesBuildPhase section */

/* Begin PBXSourcesBuildPhase section */
		D46BE2172EAFDE91006F834B /* Sources */ = {
			isa = PBXSourcesBuildPhase;
			buildActionMask = 2147483647;
			files = (
			);
			runOnlyForDeploymentPostprocessing = 0;
		};
		D46BE2262EAFDE92006F834B /* Sources */ = {
			isa = PBXSourcesBuildPhase;
			buildActionMask = 2147483647;
			files = (
			);
			runOnlyForDeploymentPostprocessing = 0;
		};
		D46BE2302EAFDE93006F834B /* Sources */ = {
			isa = PBXSourcesBuildPhase;
			buildActionMask = 2147483647;
			files = (
			);
			runOnlyForDeploymentPostprocessing = 0;
		};
/* End PBXSourcesBuildPhase section */

/* Begin PBXTargetDependency section */
		D46BE22C2EAFDE93006F834B /* PBXTargetDependency */ = {
			isa = PBXTargetDependency;
			target = D46BE21A2EAFDE91006F834B /* TUHub */;
			targetProxy = D46BE22B2EAFDE93006F834B /* PBXContainerItemProxy */;
		};
		D46BE2362EAFDE93006F834B /* PBXTargetDependency */ = {
			isa = PBXTargetDependency;
			target = D46BE21A2EAFDE91006F834B /* TUHub */;
			targetProxy = D46BE2352EAFDE93006F834B /* PBXContainerItemProxy */;
		};
/* End PBXTargetDependency section */

/* Begin XCBuildConfiguration section */
		D46BE23C2EAFDE93006F834B /* Debug */ = {
			isa = XCBuildConfiguration;
			buildSettings = {
				ALWAYS_SEARCH_USER_PATHS = NO;
				ASSETCATALOG_COMPILER_GENERATE_SWIFT_ASSET_SYMBOL_EXTENSIONS = YES;
				CLANG_ANALYZER_NONNULL = YES;
				CLANG_ANALYZER_NUMBER_OBJECT_CONVERSION = YES_AGGRESSIVE;
				CLANG_CXX_LANGUAGE_STANDARD = "gnu++20";
				CLANG_ENABLE_MODULES = YES;
				CLANG_ENABLE_OBJC_ARC = YES;
				CLANG_ENABLE_OBJC_WEAK = YES;
				CLANG_WARN_BLOCK_CAPTURE_AUTORELEASING = YES;
				CLANG_WARN_BOOL_CONVERSION = YES;
				CLANG_WARN_COMMA = YES;
				CLANG_WARN_CONSTANT_CONVERSION = YES;
				CLANG_WARN_DEPRECATED_OBJC_IMPLEMENTATIONS = YES;
				CLANG_WARN_DIRECT_OBJC_ISA_USAGE = YES_ERROR;
				CLANG_WARN_DOCUMENTATION_COMMENTS = YES;
				CLANG_WARN_EMPTY_BODY = YES;
				CLANG_WARN_ENUM_CONVERSION = YES;
				CLANG_WARN_INFINITE_RECURSION = YES;
				CLANG_WARN_INT_CONVERSION = YES;
				CLANG_WARN_NON_LITERAL_NULL_CONVERSION = YES;
				CLANG_WARN_OBJC_IMPLICIT_RETAIN_SELF = YES;
				CLANG_WARN_OBJC_LITERAL_CONVERSION = YES;
				CLANG_WARN_OBJC_ROOT_CLASS = YES_ERROR;
				CLANG_WARN_QUOTED_INCLUDE_IN_FRAMEWORK_HEADER = YES;
				CLANG_WARN_RANGE_LOOP_ANALYSIS = YES;
				CLANG_WARN_STRICT_PROTOTYPES = YES;
				CLANG_WARN_SUSPICIOUS_MOVE = YES;
				CLANG_WARN_UNGUARDED_AVAILABILITY = YES_AGGRESSIVE;
				CLANG_WARN_UNREACHABLE_CODE = YES;
				CLANG_WARN__DUPLICATE_METHOD_MATCH = YES;
				COPY_PHASE_STRIP = NO;
				DEBUG_INFORMATION_FORMAT = dwarf;
				ENABLE_STRICT_OBJC_MSGSEND = YES;
				ENABLE_TESTABILITY = YES;
				ENABLE_USER_SCRIPT_SANDBOXING = YES;
				GCC_C_LANGUAGE_STANDARD = gnu17;
				GCC_DYNAMIC_NO_PIC = NO;
				GCC_NO_COMMON_BLOCKS = YES;
				GCC_OPTIMIZATION_LEVEL = 0;
				GCC_PREPROCESSOR_DEFINITIONS = (
					"DEBUG=1",
					"$(inherited)",
				);
				GCC_WARN_64_TO_32_BIT_CONVERSION = YES;
				GCC_WARN_ABOUT_RETURN_TYPE = YES_ERROR;
				GCC_WARN_UNDECLARED_SELECTOR = YES;
				GCC_WARN_UNINITIALIZED_AUTOS = YES_AGGRESSIVE;
				GCC_WARN_UNUSED_FUNCTION = YES;
				GCC_WARN_UNUSED_VARIABLE = YES;
				IPHONEOS_DEPLOYMENT_TARGET = 18.5;
				LOCALIZATION_PREFERS_STRING_CATALOGS = YES;
				MTL_ENABLE_DEBUG_INFO = INCLUDE_SOURCE;
				MTL_FAST_MATH = YES;
				ONLY_ACTIVE_ARCH = YES;
				SDKROOT = iphoneos;
				SWIFT_ACTIVE_COMPILATION_CONDITIONS = "DEBUG $(inherited)";
				SWIFT_OPTIMIZATION_LEVEL = "-Onone";
			};
			name = Debug;
		};
		D46BE23D2EAFDE93006F834B /* Release */ = {
			isa = XCBuildConfiguration;
			buildSettings = {
				ALWAYS_SEARCH_USER_PATHS = NO;
				ASSETCATALOG_COMPILER_GENERATE_SWIFT_ASSET_SYMBOL_EXTENSIONS = YES;
				CLANG_ANALYZER_NONNULL = YES;
				CLANG_ANALYZER_NUMBER_OBJECT_CONVERSION = YES_AGGRESSIVE;
				CLANG_CXX_LANGUAGE_STANDARD = "gnu++20";
				CLANG_ENABLE_MODULES = YES;
				CLANG_ENABLE_OBJC_ARC = YES;
				CLANG_ENABLE_OBJC_WEAK = YES;
				CLANG_WARN_BLOCK_CAPTURE_AUTORELEASING = YES;
				CLANG_WARN_BOOL_CONVERSION = YES;
				CLANG_WARN_COMMA = YES;
				CLANG_WARN_CONSTANT_CONVERSION = YES;
				CLANG_WARN_DEPRECATED_OBJC_IMPLEMENTATIONS = YES;
				CLANG_WARN_DIRECT_OBJC_ISA_USAGE = YES_ERROR;
				CLANG_WARN_DOCUMENTATION_COMMENTS = YES;
				CLANG_WARN_EMPTY_BODY = YES;
				CLANG_WARN_ENUM_CONVERSION = YES;
				CLANG_WARN_INFINITE_RECURSION = YES;
				CLANG_WARN_INT_CONVERSION = YES;
				CLANG_WARN_NON_LITERAL_NULL_CONVERSION = YES;
				CLANG_WARN_OBJC_IMPLICIT_RETAIN_SELF = YES;
				CLANG_WARN_OBJC_LITERAL_CONVERSION = YES;
				CLANG_WARN_OBJC_ROOT_CLASS = YES_ERROR;
				CLANG_WARN_QUOTED_INCLUDE_IN_FRAMEWORK_HEADER = YES;
				CLANG_WARN_RANGE_LOOP_ANALYSIS = YES;
				CLANG_WARN_STRICT_PROTOTYPES = YES;
				CLANG_WARN_SUSPICIOUS_MOVE = YES;
				CLANG_WARN_UNGUARDED_AVAILABILITY = YES_AGGRESSIVE;
				CLANG_WARN_UNREACHABLE_CODE = YES;
				CLANG_WARN__DUPLICATE_METHOD_MATCH = YES;
				COPY_PHASE_STRIP = NO;
				DEBUG_INFORMATION_FORMAT = "dwarf-with-dsym";
				ENABLE_NS_ASSERTIONS = NO;
				ENABLE_STRICT_OBJC_MSGSEND = YES;
				ENABLE_USER_SCRIPT_SANDBOXING = YES;
				GCC_C_LANGUAGE_STANDARD = gnu17;
				GCC_NO_COMMON_BLOCKS = YES;
				GCC_WARN_64_TO_32_BIT_CONVERSION = YES;
				GCC_WARN_ABOUT_RETURN_TYPE = YES_ERROR;
				GCC_WARN_UNDECLARED_SELECTOR = YES;
				GCC_WARN_UNINITIALIZED_AUTOS = YES_AGGRESSIVE;
				GCC_WARN_UNUSED_FUNCTION = YES;
				GCC_WARN_UNUSED_VARIABLE = YES;
				IPHONEOS_DEPLOYMENT_TARGET = 18.5;
				LOCALIZATION_PREFERS_STRING_CATALOGS = YES;
				MTL_ENABLE_DEBUG_INFO = NO;
				MTL_FAST_MATH = YES;
				SDKROOT = iphoneos;
				SWIFT_COMPILATION_MODE = wholemodule;
				VALIDATE_PRODUCT = YES;
			};
			name = Release;
		};
		D46BE23F2EAFDE93006F834B /* Debug */ = {
			isa = XCBuildConfiguration;
			buildSettings = {
				ASSETCATALOG_COMPILER_APPICON_NAME = AppIcon;
				ASSETCATALOG_COMPILER_GLOBAL_ACCENT_COLOR_NAME = AccentColor;
				CODE_SIGN_STYLE = Automatic;
				CURRENT_PROJECT_VERSION = 1;
				ENABLE_PREVIEWS = YES;
				GENERATE_INFOPLIST_FILE = YES;
				INFOPLIST_KEY_UIApplicationSceneManifest_Generation = YES;
				INFOPLIST_KEY_UIApplicationSupportsIndirectInputEvents = YES;
				INFOPLIST_KEY_UILaunchScreen_Generation = YES;
				INFOPLIST_KEY_UISupportedInterfaceOrientations_iPad = "UIInterfaceOrientationPortrait UIInterfaceOrientationPortraitUpsideDown UIInterfaceOrientationLandscapeLeft UIInterfaceOrientationLandscapeRight";
				INFOPLIST_KEY_UISupportedInterfaceOrientations_iPhone = "UIInterfaceOrientationPortrait UIInterfaceOrientationLandscapeLeft UIInterfaceOrientationLandscapeRight";
				LD_RUNPATH_SEARCH_PATHS = (
					"$(inherited)",
					"@executable_path/Frameworks",
				);
				MARKETING_VERSION = 1.0;
				PRODUCT_BUNDLE_IDENTIFIER = edu.towson.TUHub;
				PRODUCT_NAME = "$(TARGET_NAME)";
				SWIFT_EMIT_LOC_STRINGS = YES;
				SWIFT_VERSION = 5.0;
				TARGETED_DEVICE_FAMILY = "1,2";
			};
			name = Debug;
		};
		D46BE2402EAFDE93006F834B /* Release */ = {
			isa = XCBuildConfiguration;
			buildSettings = {
				ASSETCATALOG_COMPILER_APPICON_NAME = AppIcon;
				ASSETCATALOG_COMPILER_GLOBAL_ACCENT_COLOR_NAME = AccentColor;
				CODE_SIGN_STYLE = Automatic;
				CURRENT_PROJECT_VERSION = 1;
				ENABLE_PREVIEWS = YES;
				GENERATE_INFOPLIST_FILE = YES;
				INFOPLIST_KEY_UIApplicationSceneManifest_Generation = YES;
				INFOPLIST_KEY_UIApplicationSupportsIndirectInputEvents = YES;
				INFOPLIST_KEY_UILaunchScreen_Generation = YES;
				INFOPLIST_KEY_UISupportedInterfaceOrientations_iPad = "UIInterfaceOrientationPortrait UIInterfaceOrientationPortraitUpsideDown UIInterfaceOrientationLandscapeLeft UIInterfaceOrientationLandscapeRight";
				INFOPLIST_KEY_UISupportedInterfaceOrientations_iPhone = "UIInterfaceOrientationPortrait UIInterfaceOrientationLandscapeLeft UIInterfaceOrientationLandscapeRight";
				LD_RUNPATH_SEARCH_PATHS = (
					"$(inherited)",
					"@executable_path/Frameworks",
				);
				MARKETING_VERSION = 1.0;
				PRODUCT_BUNDLE_IDENTIFIER = edu.towson.TUHub;
				PRODUCT_NAME = "$(TARGET_NAME)";
				SWIFT_EMIT_LOC_STRINGS = YES;
				SWIFT_VERSION = 5.0;
				TARGETED_DEVICE_FAMILY = "1,2";
			};
			name = Release;
		};
		D46BE2422EAFDE93006F834B /* Debug */ = {
			isa = XCBuildConfiguration;
			buildSettings = {
				BUNDLE_LOADER = "$(TEST_HOST)";
				CODE_SIGN_STYLE = Automatic;
				CURRENT_PROJECT_VERSION = 1;
				GENERATE_INFOPLIST_FILE = YES;
				IPHONEOS_DEPLOYMENT_TARGET = 18.5;
				MARKETING_VERSION = 1.0;
				PRODUCT_BUNDLE_IDENTIFIER = edu.towson.TUHubTests;
				PRODUCT_NAME = "$(TARGET_NAME)";
				SWIFT_EMIT_LOC_STRINGS = NO;
				SWIFT_VERSION = 5.0;
				TARGETED_DEVICE_FAMILY = "1,2";
				TEST_HOST = "$(BUILT_PRODUCTS_DIR)/TUHub.app/$(BUNDLE_EXECUTABLE_FOLDER_PATH)/TUHub";
			};
			name = Debug;
		};
		D46BE2432EAFDE93006F834B /* Release */ = {
			isa = XCBuildConfiguration;
			buildSettings = {
				BUNDLE_LOADER = "$(TEST_HOST)";
				CODE_SIGN_STYLE = Automatic;
				CURRENT_PROJECT_VERSION = 1;
				GENERATE_INFOPLIST_FILE = YES;
				IPHONEOS_DEPLOYMENT_TARGET = 18.5;
				MARKETING_VERSION = 1.0;
				PRODUCT_BUNDLE_IDENTIFIER = edu.towson.TUHubTests;
				PRODUCT_NAME = "$(TARGET_NAME)";
				SWIFT_EMIT_LOC_STRINGS = NO;
				SWIFT_VERSION = 5.0;
				TARGETED_DEVICE_FAMILY = "1,2";
				TEST_HOST = "$(BUILT_PRODUCTS_DIR)/TUHub.app/$(BUNDLE_EXECUTABLE_FOLDER_PATH)/TUHub";
			};
			name = Release;
		};
		D46BE2452EAFDE93006F834B /* Debug */ = {
			isa = XCBuildConfiguration;
			buildSettings = {
				CODE_SIGN_STYLE = Automatic;
				CURRENT_PROJECT_VERSION = 1;
				GENERATE_INFOPLIST_FILE = YES;
				MARKETING_VERSION = 1.0;
				PRODUCT_BUNDLE_IDENTIFIER = edu.towson.TUHubUITests;
				PRODUCT_NAME = "$(TARGET_NAME)";
				SWIFT_EMIT_LOC_STRINGS = NO;
				SWIFT_VERSION = 5.0;
				TARGETED_DEVICE_FAMILY = "1,2";
				TEST_TARGET_NAME = TUHub;
			};
			name = Debug;
		};
		D46BE2462EAFDE93006F834B /* Release */ = {
			isa = XCBuildConfiguration;
			buildSettings = {
				CODE_SIGN_STYLE = Automatic;
				CURRENT_PROJECT_VERSION = 1;
				GENERATE_INFOPLIST_FILE = YES;
				MARKETING_VERSION = 1.0;
				PRODUCT_BUNDLE_IDENTIFIER = edu.towson.TUHubUITests;
				PRODUCT_NAME = "$(TARGET_NAME)";
				SWIFT_EMIT_LOC_STRINGS = NO;
				SWIFT_VERSION = 5.0;
				TARGETED_DEVICE_FAMILY = "1,2";
				TEST_TARGET_NAME = TUHub;
			};
			name = Release;
		};
/* End XCBuildConfiguration section */

/* Begin XCConfigurationList section */
		D46BE2162EAFDE91006F834B /* Build configuration list for PBXProject "TUHub" */ = {
			isa = XCConfigurationList;
			buildConfigurations = (
				D46BE23C2EAFDE93006F834B /* Debug */,
				D46BE23D2EAFDE93006F834B /* Release */,
			);
			defaultConfigurationIsVisible = 0;
			defaultConfigurationName = Release;
		};
		D46BE23E2EAFDE93006F834B /* Build configuration list for PBXNativeTarget "TUHub" */ = {
			isa = XCConfigurationList;
			buildConfigurations = (
				D46BE23F2EAFDE93006F834B /* Debug */,
				D46BE2402EAFDE93006F834B /* Release */,
			);
			defaultConfigurationIsVisible = 0;
			defaultConfigurationName = Release;
		};
		D46BE2412EAFDE93006F834B /* Build configuration list for PBXNativeTarget "TUHubTests" */ = {
			isa = XCConfigurationList;
			buildConfigurations = (
				D46BE2422EAFDE93006F834B /* Debug */,
				D46BE2432EAFDE93006F834B /* Release */,
			);
			defaultConfigurationIsVisible = 0;
			defaultConfigurationName = Release;
		};
		D46BE2442EAFDE93006F834B /* Build configuration list for PBXNativeTarget "TUHubUITests" */ = {
			isa = XCConfigurationList;
			buildConfigurations = (
				D46BE2452EAFDE93006F834B /* Debug */,
				D46BE2462EAFDE93006F834B /* Release */,
			);
			defaultConfigurationIsVisible = 0;
			defaultConfigurationName = Release;
		};
/* End XCConfigurationList section */

/* Begin XCRemoteSwiftPackageReference section */
		210E77662EB29CE300460A8A /* XCRemoteSwiftPackageReference "firebase-ios-sdk" */ = {
			isa = XCRemoteSwiftPackageReference;
			repositoryURL = "https://github.com/firebase/firebase-ios-sdk";
			requirement = {
				kind = upToNextMajorVersion;
				minimumVersion = 12.5.0;
			};
		};
/* End XCRemoteSwiftPackageReference section */

/* Begin XCSwiftPackageProductDependency section */
		210E77672EB29CE400460A8A /* FirebaseAuth */ = {
			isa = XCSwiftPackageProductDependency;
			package = 210E77662EB29CE300460A8A /* XCRemoteSwiftPackageReference "firebase-ios-sdk" */;
			productName = FirebaseAuth;
		};
		210E77692EB29CE400460A8A /* FirebaseFirestore */ = {
			isa = XCSwiftPackageProductDependency;
			package = 210E77662EB29CE300460A8A /* XCRemoteSwiftPackageReference "firebase-ios-sdk" */;
			productName = FirebaseFirestore;
		};
/* End XCSwiftPackageProductDependency section */
	};
	rootObject = D46BE2132EAFDE91006F834B /* Project object */;
}
